
Microsoft Visual Studio Solution File, Format Version 12.00
# Visual Studio Version 16
VisualStudioVersion = 16.0.29609.76
MinimumVisualStudioVersion = 10.0.40219.1
Project("{FAE04EC0-301F-11D3-BF4B-00C04F79EFBC}") = "Online Mart", "Online Mart\Online Mart.csproj", "{DFF96C52-D4F6-4064-AD8C-D0AD8EE7CE60}"
EndProject
Global
	GlobalSection(SolutionConfigurationPlatforms) = preSolution
		Debug|Any CPU = Debug|Any CPU
		Debug|x64 = Debug|x64
		Debug|x86 = Debug|x86
		Release|Any CPU = Release|Any CPU
		Release|x64 = Release|x64
		Release|x86 = Release|x86
	EndGlobalSection
	GlobalSection(ProjectConfigurationPlatforms) = postSolution
		{DFF96C52-D4F6-4064-AD8C-D0AD8EE7CE60}.Debug|Any CPU.ActiveCfg = Debug|Any CPU
		{DFF96C52-D4F6-4064-AD8C-D0AD8EE7CE60}.Debug|Any CPU.Build.0 = Debug|Any CPU
		{DFF96C52-D4F6-4064-AD8C-D0AD8EE7CE60}.Debug|x64.ActiveCfg = Debug|x64
		{DFF96C52-D4F6-4064-AD8C-D0AD8EE7CE60}.Debug|x64.Build.0 = Debug|x64
		{DFF96C52-D4F6-4064-AD8C-D0AD8EE7CE60}.Debug|x86.ActiveCfg = Debug|x86
		{DFF96C52-D4F6-4064-AD8C-D0AD8EE7CE60}.Debug|x86.Build.0 = Debug|x86
		{DFF96C52-D4F6-4064-AD8C-D0AD8EE7CE60}.Release|Any CPU.ActiveCfg = Release|Any CPU
		{DFF96C52-D4F6-4064-AD8C-D0AD8EE7CE60}.Release|Any CPU.Build.0 = Release|Any CPU
		{DFF96C52-D4F6-4064-AD8C-D0AD8EE7CE60}.Release|x64.ActiveCfg = Release|x64
		{DFF96C52-D4F6-4064-AD8C-D0AD8EE7CE60}.Release|x64.Build.0 = Release|x64
		{DFF96C52-D4F6-4064-AD8C-D0AD8EE7CE60}.Release|x86.ActiveCfg = Release|x86
		{DFF96C52-D4F6-4064-AD8C-D0AD8EE7CE60}.Release|x86.Build.0 = Release|x86
	EndGlobalSection
	GlobalSection(SolutionProperties) = preSolution
		HideSolutionNode = FALSE
	EndGlobalSection
	GlobalSection(ExtensibilityGlobals) = postSolution
		SolutionGuid = {8084E394-F6F1-43C2-9A93-0D6254AF60A5}
	EndGlobalSection
EndGlobal
